
Microsoft Visual Studio Solution File, Format Version 12.00
# Visual Studio Version 16
VisualStudioVersion = 16.0.31025.194
MinimumVisualStudioVersion = 10.0.40219.1
Project("{9A19103F-16F7-4668-BE54-9A1E7A4F7556}") = "Entities", "Entities\Entities.csproj", "{929CD88E-01C6-4A8B-89D1-C212DBF866EB}"
EndProject
Project("{9A19103F-16F7-4668-BE54-9A1E7A4F7556}") = "DataAccess", "DataAccess\DataAccess.csproj", "{DEFC81BE-8BD0-4A08-96A7-E04E89BDE8B9}"
EndProject
Project("{9A19103F-16F7-4668-BE54-9A1E7A4F7556}") = "Business", "Business\Business.csproj", "{10683CF8-C156-4C85-AEF7-D0A07CF44F79}"
EndProject
Project("{9A19103F-16F7-4668-BE54-9A1E7A4F7556}") = "ConsoleUI", "ConsoleUI\ConsoleUI.csproj", "{6E7A05A2-1EF1-46E4-828E-8DBAA0150183}"
EndProject
Project("{9A19103F-16F7-4668-BE54-9A1E7A4F7556}") = "Core", "Core\Core.csproj", "{D2552B01-96A3-4F09-91D5-CA1256C0756E}"
EndProject
Project("{FAE04EC0-301F-11D3-BF4B-00C04F79EFBC}") = "WebAPI", "WebAPI\WebAPI.csproj", "{2706153F-6E58-466D-8BC6-E39F8C15A800}"
EndProject
Global
	GlobalSection(SolutionConfigurationPlatforms) = preSolution
		Debug|Any CPU = Debug|Any CPU
		Release|Any CPU = Release|Any CPU
	EndGlobalSection
	GlobalSection(ProjectConfigurationPlatforms) = postSolution
		{929CD88E-01C6-4A8B-89D1-C212DBF866EB}.Debug|Any CPU.ActiveCfg = Debug|Any CPU
		{929CD88E-01C6-4A8B-89D1-C212DBF866EB}.Debug|Any CPU.Build.0 = Debug|Any CPU
		{929CD88E-01C6-4A8B-89D1-C212DBF866EB}.Release|Any CPU.ActiveCfg = Release|Any CPU
		{929CD88E-01C6-4A8B-89D1-C212DBF866EB}.Release|Any CPU.Build.0 = Release|Any CPU
		{DEFC81BE-8BD0-4A08-96A7-E04E89BDE8B9}.Debug|Any CPU.ActiveCfg = Debug|Any CPU
		{DEFC81BE-8BD0-4A08-96A7-E04E89BDE8B9}.Debug|Any CPU.Build.0 = Debug|Any CPU
		{DEFC81BE-8BD0-4A08-96A7-E04E89BDE8B9}.Release|Any CPU.ActiveCfg = Release|Any CPU
		{DEFC81BE-8BD0-4A08-96A7-E04E89BDE8B9}.Release|Any CPU.Build.0 = Release|Any CPU
		{10683CF8-C156-4C85-AEF7-D0A07CF44F79}.Debug|Any CPU.ActiveCfg = Debug|Any CPU
		{10683CF8-C156-4C85-AEF7-D0A07CF44F79}.Debug|Any CPU.Build.0 = Debug|Any CPU
		{10683CF8-C156-4C85-AEF7-D0A07CF44F79}.Release|Any CPU.ActiveCfg = Release|Any CPU
		{10683CF8-C156-4C85-AEF7-D0A07CF44F79}.Release|Any CPU.Build.0 = Release|Any CPU
		{6E7A05A2-1EF1-46E4-828E-8DBAA0150183}.Debug|Any CPU.ActiveCfg = Debug|Any CPU
		{6E7A05A2-1EF1-46E4-828E-8DBAA0150183}.Debug|Any CPU.Build.0 = Debug|Any CPU
		{6E7A05A2-1EF1-46E4-828E-8DBAA0150183}.Release|Any CPU.ActiveCfg = Release|Any CPU
		{6E7A05A2-1EF1-46E4-828E-8DBAA0150183}.Release|Any CPU.Build.0 = Release|Any CPU
		{D2552B01-96A3-4F09-91D5-CA1256C0756E}.Debug|Any CPU.ActiveCfg = Debug|Any CPU
		{D2552B01-96A3-4F09-91D5-CA1256C0756E}.Debug|Any CPU.Build.0 = Debug|Any CPU
		{D2552B01-96A3-4F09-91D5-CA1256C0756E}.Release|Any CPU.ActiveCfg = Release|Any CPU
		{D2552B01-96A3-4F09-91D5-CA1256C0756E}.Release|Any CPU.Build.0 = Release|Any CPU
		{2706153F-6E58-466D-8BC6-E39F8C15A800}.Debug|Any CPU.ActiveCfg = Debug|Any CPU
		{2706153F-6E58-466D-8BC6-E39F8C15A800}.Debug|Any CPU.Build.0 = Debug|Any CPU
		{2706153F-6E58-466D-8BC6-E39F8C15A800}.Release|Any CPU.ActiveCfg = Release|Any CPU
		{2706153F-6E58-466D-8BC6-E39F8C15A800}.Release|Any CPU.Build.0 = Release|Any CPU
	EndGlobalSection
	GlobalSection(SolutionProperties) = preSolution
		HideSolutionNode = FALSE
	EndGlobalSection
	GlobalSection(ExtensibilityGlobals) = postSolution
		SolutionGuid = {AF06ECF2-B543-4AF8-A265-97070F1CD303}
	EndGlobalSection
EndGlobal
